
Microsoft Visual Studio Solution File, Format Version 12.00
Project("{FAE04EC0-301F-11D3-BF4B-00C04F79EFBC}") = "EmployeesDB", "EmployeesDB\EmployeesDB.csproj", "{D85157E3-C079-447A-9BB1-1D7624B1453B}"
EndProject
Global
	GlobalSection(SolutionConfigurationPlatforms) = preSolution
		Debug|Any CPU = Debug|Any CPU
		Release|Any CPU = Release|Any CPU
	EndGlobalSection
	GlobalSection(ProjectConfigurationPlatforms) = postSolution
		{D85157E3-C079-447A-9BB1-1D7624B1453B}.Debug|Any CPU.ActiveCfg = Debug|Any CPU
		{D85157E3-C079-447A-9BB1-1D7624B1453B}.Debug|Any CPU.Build.0 = Debug|Any CPU
		{D85157E3-C079-447A-9BB1-1D7624B1453B}.Release|Any CPU.ActiveCfg = Release|Any CPU
		{D85157E3-C079-447A-9BB1-1D7624B1453B}.Release|Any CPU.Build.0 = Release|Any CPU
	EndGlobalSection
EndGlobal
